// !$*UTF8*$!
{
	archiveVersion = 1;
	classes = {
	};
	objectVersion = 50;
	objects = {

/* Begin PBXBuildFile section */
		AB01E66E23E07ACC006A4C64 /* twitter-logo.png in Resources */ = {isa = PBXBuildFile; fileRef = AB01E66D23E07ACB006A4C64 /* twitter-logo.png */; };
		AB74EF4323E98C2700A924E8 /* Assets.xcassets in Resources */ = {isa = PBXBuildFile; fileRef = AB74EF4223E98C2600A924E8 /* Assets.xcassets */; };
		AB74EF4523E990A200A924E8 /* BarTableViewController.swift in Sources */ = {isa = PBXBuildFile; fileRef = AB74EF4423E990A200A924E8 /* BarTableViewController.swift */; };
		AB8032B923E8425F009EB604 /* Bar.swift in Sources */ = {isa = PBXBuildFile; fileRef = AB8032B823E8425F009EB604 /* Bar.swift */; };
		AB85744723E44AFF00625FFF /* RatingBar.swift in Sources */ = {isa = PBXBuildFile; fileRef = AB85744623E44AFF00625FFF /* RatingBar.swift */; };
		ABBA8A5323E06EE500CC1BAC /* AppDelegate.swift in Sources */ = {isa = PBXBuildFile; fileRef = ABBA8A5223E06EE500CC1BAC /* AppDelegate.swift */; };
		ABBA8A5523E06EE500CC1BAC /* ViewController.swift in Sources */ = {isa = PBXBuildFile; fileRef = ABBA8A5423E06EE500CC1BAC /* ViewController.swift */; };
		ABBA8A5823E06EE500CC1BAC /* Main.storyboard in Resources */ = {isa = PBXBuildFile; fileRef = ABBA8A5623E06EE500CC1BAC /* Main.storyboard */; };
		ABBA8A5D23E06EE900CC1BAC /* LaunchScreen.storyboard in Resources */ = {isa = PBXBuildFile; fileRef = ABBA8A5B23E06EE900CC1BAC /* LaunchScreen.storyboard */; };
		ABBA8A6823E06EE900CC1BAC /* HBIosTests.swift in Sources */ = {isa = PBXBuildFile; fileRef = ABBA8A6723E06EE900CC1BAC /* HBIosTests.swift */; };
		ABC211FE23E8666D00BCB8AC /* BarTableViewCell.swift in Sources */ = {isa = PBXBuildFile; fileRef = ABC211FD23E8666D00BCB8AC /* BarTableViewCell.swift */; };
/* End PBXBuildFile section */

/* Begin PBXContainerItemProxy section */
		ABBA8A6423E06EE900CC1BAC /* PBXContainerItemProxy */ = {
			isa = PBXContainerItemProxy;
			containerPortal = ABBA8A4723E06EE400CC1BAC /* Project object */;
			proxyType = 1;
			remoteGlobalIDString = ABBA8A4E23E06EE400CC1BAC;
			remoteInfo = HBIos;
		};
/* End PBXContainerItemProxy section */

/* Begin PBXFileReference section */
		AB01E66D23E07ACB006A4C64 /* twitter-logo.png */ = {isa = PBXFileReference; lastKnownFileType = image.png; name = "twitter-logo.png"; path = "../../../Documents/twitter-logo.png"; sourceTree = "<group>"; };
		AB74EF4223E98C2600A924E8 /* Assets.xcassets */ = {isa = PBXFileReference; lastKnownFileType = folder.assetcatalog; path = Assets.xcassets; sourceTree = "<group>"; };
		AB74EF4423E990A200A924E8 /* BarTableViewController.swift */ = {isa = PBXFileReference; lastKnownFileType = sourcecode.swift; path = BarTableViewController.swift; sourceTree = "<group>"; };
		AB8032B823E8425F009EB604 /* Bar.swift */ = {isa = PBXFileReference; lastKnownFileType = sourcecode.swift; path = Bar.swift; sourceTree = "<group>"; };
		AB85744623E44AFF00625FFF /* RatingBar.swift */ = {isa = PBXFileReference; lastKnownFileType = sourcecode.swift; path = RatingBar.swift; sourceTree = "<group>"; };
		ABBA8A4F23E06EE500CC1BAC /* HBIos.app */ = {isa = PBXFileReference; explicitFileType = wrapper.application; includeInIndex = 0; path = HBIos.app; sourceTree = BUILT_PRODUCTS_DIR; };
		ABBA8A5223E06EE500CC1BAC /* AppDelegate.swift */ = {isa = PBXFileReference; lastKnownFileType = sourcecode.swift; path = AppDelegate.swift; sourceTree = "<group>"; };
		ABBA8A5423E06EE500CC1BAC /* ViewController.swift */ = {isa = PBXFileReference; lastKnownFileType = sourcecode.swift; path = ViewController.swift; sourceTree = "<group>"; };
		ABBA8A5723E06EE500CC1BAC /* Base */ = {isa = PBXFileReference; lastKnownFileType = file.storyboard; name = Base; path = Base.lproj/Main.storyboard; sourceTree = "<group>"; };
		ABBA8A5C23E06EE900CC1BAC /* Base */ = {isa = PBXFileReference; lastKnownFileType = file.storyboard; name = Base; path = Base.lproj/LaunchScreen.storyboard; sourceTree = "<group>"; };
		ABBA8A5E23E06EE900CC1BAC /* Info.plist */ = {isa = PBXFileReference; lastKnownFileType = text.plist.xml; path = Info.plist; sourceTree = "<group>"; };
		ABBA8A6323E06EE900CC1BAC /* HBIosTests.xctest */ = {isa = PBXFileReference; explicitFileType = wrapper.cfbundle; includeInIndex = 0; path = HBIosTests.xctest; sourceTree = BUILT_PRODUCTS_DIR; };
		ABBA8A6723E06EE900CC1BAC /* HBIosTests.swift */ = {isa = PBXFileReference; lastKnownFileType = sourcecode.swift; path = HBIosTests.swift; sourceTree = "<group>"; };
		ABBA8A6923E06EE900CC1BAC /* Info.plist */ = {isa = PBXFileReference; lastKnownFileType = text.plist.xml; path = Info.plist; sourceTree = "<group>"; };
		ABC211FD23E8666D00BCB8AC /* BarTableViewCell.swift */ = {isa = PBXFileReference; lastKnownFileType = sourcecode.swift; path = BarTableViewCell.swift; sourceTree = "<group>"; };
/* End PBXFileReference section */

/* Begin PBXFrameworksBuildPhase section */
		ABBA8A4C23E06EE400CC1BAC /* Frameworks */ = {
			isa = PBXFrameworksBuildPhase;
			buildActionMask = 2147483647;
			files = (
			);
			runOnlyForDeploymentPostprocessing = 0;
		};
		ABBA8A6023E06EE900CC1BAC /* Frameworks */ = {
			isa = PBXFrameworksBuildPhase;
			buildActionMask = 2147483647;
			files = (
			);
			runOnlyForDeploymentPostprocessing = 0;
		};
/* End PBXFrameworksBuildPhase section */

/* Begin PBXGroup section */
		ABBA8A4623E06EE400CC1BAC = {
			isa = PBXGroup;
			children = (
				ABBA8A5123E06EE500CC1BAC /* HBIos */,
				ABBA8A6623E06EE900CC1BAC /* HBIosTests */,
				ABBA8A5023E06EE500CC1BAC /* Products */,
			);
			sourceTree = "<group>";
		};
		ABBA8A5023E06EE500CC1BAC /* Products */ = {
			isa = PBXGroup;
			children = (
				ABBA8A4F23E06EE500CC1BAC /* HBIos.app */,
				ABBA8A6323E06EE900CC1BAC /* HBIosTests.xctest */,
			);
			name = Products;
			sourceTree = "<group>";
		};
		ABBA8A5123E06EE500CC1BAC /* HBIos */ = {
			isa = PBXGroup;
			children = (
				AB8032B823E8425F009EB604 /* Bar.swift */,
				ABBA8A5223E06EE500CC1BAC /* AppDelegate.swift */,
				ABBA8A5423E06EE500CC1BAC /* ViewController.swift */,
				AB74EF4423E990A200A924E8 /* BarTableViewController.swift */,
				AB85744623E44AFF00625FFF /* RatingBar.swift */,
				ABBA8A5623E06EE500CC1BAC /* Main.storyboard */,
				ABC211FD23E8666D00BCB8AC /* BarTableViewCell.swift */,
				ABBA8A5B23E06EE900CC1BAC /* LaunchScreen.storyboard */,
				AB01E66D23E07ACB006A4C64 /* twitter-logo.png */,
				ABBA8A5E23E06EE900CC1BAC /* Info.plist */,
				AB74EF4223E98C2600A924E8 /* Assets.xcassets */,
			);
			path = HBIos;
			sourceTree = "<group>";
		};
		ABBA8A6623E06EE900CC1BAC /* HBIosTests */ = {
			isa = PBXGroup;
			children = (
				ABBA8A6723E06EE900CC1BAC /* HBIosTests.swift */,
				ABBA8A6923E06EE900CC1BAC /* Info.plist */,
			);
			path = HBIosTests;
			sourceTree = "<group>";
		};
/* End PBXGroup section */

/* Begin PBXNativeTarget section */
		ABBA8A4E23E06EE400CC1BAC /* HBIos */ = {
			isa = PBXNativeTarget;
			buildConfigurationList = ABBA8A6C23E06EE900CC1BAC /* Build configuration list for PBXNativeTarget "HBIos" */;
			buildPhases = (
				ABBA8A4B23E06EE400CC1BAC /* Sources */,
				ABBA8A4C23E06EE400CC1BAC /* Frameworks */,
				ABBA8A4D23E06EE400CC1BAC /* Resources */,
			);
			buildRules = (
			);
			dependencies = (
			);
			name = HBIos;
			productName = HBIos;
			productReference = ABBA8A4F23E06EE500CC1BAC /* HBIos.app */;
			productType = "com.apple.product-type.application";
		};
		ABBA8A6223E06EE900CC1BAC /* HBIosTests */ = {
			isa = PBXNativeTarget;
			buildConfigurationList = ABBA8A6F23E06EE900CC1BAC /* Build configuration list for PBXNativeTarget "HBIosTests" */;
			buildPhases = (
				ABBA8A5F23E06EE900CC1BAC /* Sources */,
				ABBA8A6023E06EE900CC1BAC /* Frameworks */,
				ABBA8A6123E06EE900CC1BAC /* Resources */,
			);
			buildRules = (
			);
			dependencies = (
				ABBA8A6523E06EE900CC1BAC /* PBXTargetDependency */,
			);
			name = HBIosTests;
			productName = HBIosTests;
			productReference = ABBA8A6323E06EE900CC1BAC /* HBIosTests.xctest */;
			productType = "com.apple.product-type.bundle.unit-test";
		};
/* End PBXNativeTarget section */

/* Begin PBXProject section */
		ABBA8A4723E06EE400CC1BAC /* Project object */ = {
			isa = PBXProject;
			attributes = {
				LastSwiftUpdateCheck = 1000;
				LastUpgradeCheck = 1000;
				ORGANIZATIONNAME = Hbsis;
				TargetAttributes = {
					ABBA8A4E23E06EE400CC1BAC = {
						CreatedOnToolsVersion = 10.0;
					};
					ABBA8A6223E06EE900CC1BAC = {
						CreatedOnToolsVersion = 10.0;
						TestTargetID = ABBA8A4E23E06EE400CC1BAC;
					};
				};
			};
			buildConfigurationList = ABBA8A4A23E06EE400CC1BAC /* Build configuration list for PBXProject "HBIos" */;
			compatibilityVersion = "Xcode 9.3";
			developmentRegion = en;
			hasScannedForEncodings = 0;
			knownRegions = (
				en,
				Base,
			);
			mainGroup = ABBA8A4623E06EE400CC1BAC;
			productRefGroup = ABBA8A5023E06EE500CC1BAC /* Products */;
			projectDirPath = "";
			projectRoot = "";
			targets = (
				ABBA8A4E23E06EE400CC1BAC /* HBIos */,
				ABBA8A6223E06EE900CC1BAC /* HBIosTests */,
			);
		};
/* End PBXProject section */

/* Begin PBXResourcesBuildPhase section */
		ABBA8A4D23E06EE400CC1BAC /* Resources */ = {
			isa = PBXResourcesBuildPhase;
			buildActionMask = 2147483647;
			files = (
				AB01E66E23E07ACC006A4C64 /* twitter-logo.png in Resources */,
				ABBA8A5D23E06EE900CC1BAC /* LaunchScreen.storyboard in Resources */,
				AB74EF4323E98C2700A924E8 /* Assets.xcassets in Resources */,
				ABBA8A5823E06EE500CC1BAC /* Main.storyboard in Resources */,
			);
			runOnlyForDeploymentPostprocessing = 0;
		};
		ABBA8A6123E06EE900CC1BAC /* Resources */ = {
			isa = PBXResourcesBuildPhase;
			buildActionMask = 2147483647;
			files = (
			);
			runOnlyForDeploymentPostprocessing = 0;
		};
/* End PBXResourcesBuildPhase section */

/* Begin PBXSourcesBuildPhase section */
		ABBA8A4B23E06EE400CC1BAC /* Sources */ = {
			isa = PBXSourcesBuildPhase;
			buildActionMask = 2147483647;
			files = (
				ABC211FE23E8666D00BCB8AC /* BarTableViewCell.swift in Sources */,
				AB74EF4523E990A200A924E8 /* BarTableViewController.swift in Sources */,
				AB85744723E44AFF00625FFF /* RatingBar.swift in Sources */,
				AB8032B923E8425F009EB604 /* Bar.swift in Sources */,
				ABBA8A5523E06EE500CC1BAC /* ViewController.swift in Sources */,
				ABBA8A5323E06EE500CC1BAC /* AppDelegate.swift in Sources */,
			);
			runOnlyForDeploymentPostprocessing = 0;
		};
		ABBA8A5F23E06EE900CC1BAC /* Sources */ = {
			isa = PBXSourcesBuildPhase;
			buildActionMask = 2147483647;
			files = (
				ABBA8A6823E06EE900CC1BAC /* HBIosTests.swift in Sources */,
			);
			runOnlyForDeploymentPostprocessing = 0;
		};
/* End PBXSourcesBuildPhase section */

/* Begin PBXTargetDependency section */
		ABBA8A6523E06EE900CC1BAC /* PBXTargetDependency */ = {
			isa = PBXTargetDependency;
			target = ABBA8A4E23E06EE400CC1BAC /* HBIos */;
			targetProxy = ABBA8A6423E06EE900CC1BAC /* PBXContainerItemProxy */;
		};
/* End PBXTargetDependency section */

/* Begin PBXVariantGroup section */
		ABBA8A5623E06EE500CC1BAC /* Main.storyboard */ = {
			isa = PBXVariantGroup;
			children = (
				ABBA8A5723E06EE500CC1BAC /* Base */,
			);
			name = Main.storyboard;
			sourceTree = "<group>";
		};
		ABBA8A5B23E06EE900CC1BAC /* LaunchScreen.storyboard */ = {
			isa = PBXVariantGroup;
			children = (
				ABBA8A5C23E06EE900CC1BAC /* Base */,
			);
			name = LaunchScreen.storyboard;
			sourceTree = "<group>";
		};
/* End PBXVariantGroup section */

/* Begin XCBuildConfiguration section */
		ABBA8A6A23E06EE900CC1BAC /* Debug */ = {
			isa = XCBuildConfiguration;
			buildSettings = {
				ALWAYS_SEARCH_USER_PATHS = NO;
				CLANG_ANALYZER_NONNULL = YES;
				CLANG_ANALYZER_NUMBER_OBJECT_CONVERSION = YES_AGGRESSIVE;
				CLANG_CXX_LANGUAGE_STANDARD = "gnu++14";
				CLANG_CXX_LIBRARY = "libc++";
				CLANG_ENABLE_MODULES = YES;
				CLANG_ENABLE_OBJC_ARC = YES;
				CLANG_ENABLE_OBJC_WEAK = YES;
				CLANG_WARN_BLOCK_CAPTURE_AUTORELEASING = YES;
				CLANG_WARN_BOOL_CONVERSION = YES;
				CLANG_WARN_COMMA = YES;
				CLANG_WARN_CONSTANT_CONVERSION = YES;
				CLANG_WARN_DEPRECATED_OBJC_IMPLEMENTATIONS = YES;
				CLANG_WARN_DIRECT_OBJC_ISA_USAGE = YES_ERROR;
				CLANG_WARN_DOCUMENTATION_COMMENTS = YES;
				CLANG_WARN_EMPTY_BODY = YES;
				CLANG_WARN_ENUM_CONVERSION = YES;
				CLANG_WARN_INFINITE_RECURSION = YES;
				CLANG_WARN_INT_CONVERSION = YES;
				CLANG_WARN_NON_LITERAL_NULL_CONVERSION = YES;
				CLANG_WARN_OBJC_IMPLICIT_RETAIN_SELF = YES;
				CLANG_WARN_OBJC_LITERAL_CONVERSION = YES;
				CLANG_WARN_OBJC_ROOT_CLASS = YES_ERROR;
				CLANG_WARN_RANGE_LOOP_ANALYSIS = YES;
				CLANG_WARN_STRICT_PROTOTYPES = YES;
				CLANG_WARN_SUSPICIOUS_MOVE = YES;
				CLANG_WARN_UNGUARDED_AVAILABILITY = YES_AGGRESSIVE;
				CLANG_WARN_UNREACHABLE_CODE = YES;
				CLANG_WARN__DUPLICATE_METHOD_MATCH = YES;
				CODE_SIGN_IDENTITY = "iPhone Developer";
				COPY_PHASE_STRIP = NO;
				DEBUG_INFORMATION_FORMAT = dwarf;
				ENABLE_STRICT_OBJC_MSGSEND = YES;
				ENABLE_TESTABILITY = YES;
				GCC_C_LANGUAGE_STANDARD = gnu11;
				GCC_DYNAMIC_NO_PIC = NO;
				GCC_NO_COMMON_BLOCKS = YES;
				GCC_OPTIMIZATION_LEVEL = 0;
				GCC_PREPROCESSOR_DEFINITIONS = (
					"DEBUG=1",
					"$(inherited)",
				);
				GCC_WARN_64_TO_32_BIT_CONVERSION = YES;
				GCC_WARN_ABOUT_RETURN_TYPE = YES_ERROR;
				GCC_WARN_UNDECLARED_SELECTOR = YES;
				GCC_WARN_UNINITIALIZED_AUTOS = YES_AGGRESSIVE;
				GCC_WARN_UNUSED_FUNCTION = YES;
				GCC_WARN_UNUSED_VARIABLE = YES;
				IPHONEOS_DEPLOYMENT_TARGET = 12.0;
				MTL_ENABLE_DEBUG_INFO = INCLUDE_SOURCE;
				MTL_FAST_MATH = YES;
				ONLY_ACTIVE_ARCH = YES;
				SDKROOT = iphoneos;
				SWIFT_ACTIVE_COMPILATION_CONDITIONS = DEBUG;
				SWIFT_OPTIMIZATION_LEVEL = "-Onone";
			};
			name = Debug;
		};
		ABBA8A6B23E06EE900CC1BAC /* Release */ = {
			isa = XCBuildConfiguration;
			buildSettings = {
				ALWAYS_SEARCH_USER_PATHS = NO;
				CLANG_ANALYZER_NONNULL = YES;
				CLANG_ANALYZER_NUMBER_OBJECT_CONVERSION = YES_AGGRESSIVE;
				CLANG_CXX_LANGUAGE_STANDARD = "gnu++14";
				CLANG_CXX_LIBRARY = "libc++";
				CLANG_ENABLE_MODULES = YES;
				CLANG_ENABLE_OBJC_ARC = YES;
				CLANG_ENABLE_OBJC_WEAK = YES;
				CLANG_WARN_BLOCK_CAPTURE_AUTORELEASING = YES;
				CLANG_WARN_BOOL_CONVERSION = YES;
				CLANG_WARN_COMMA = YES;
				CLANG_WARN_CONSTANT_CONVERSION = YES;
				CLANG_WARN_DEPRECATED_OBJC_IMPLEMENTATIONS = YES;
				CLANG_WARN_DIRECT_OBJC_ISA_USAGE = YES_ERROR;
				CLANG_WARN_DOCUMENTATION_COMMENTS = YES;
				CLANG_WARN_EMPTY_BODY = YES;
				CLANG_WARN_ENUM_CONVERSION = YES;
				CLANG_WARN_INFINITE_RECURSION = YES;
				CLANG_WARN_INT_CONVERSION = YES;
				CLANG_WARN_NON_LITERAL_NULL_CONVERSION = YES;
				CLANG_WARN_OBJC_IMPLICIT_RETAIN_SELF = YES;
				CLANG_WARN_OBJC_LITERAL_CONVERSION = YES;
				CLANG_WARN_OBJC_ROOT_CLASS = YES_ERROR;
				CLANG_WARN_RANGE_LOOP_ANALYSIS = YES;
				CLANG_WARN_STRICT_PROTOTYPES = YES;
				CLANG_WARN_SUSPICIOUS_MOVE = YES;
				CLANG_WARN_UNGUARDED_AVAILABILITY = YES_AGGRESSIVE;
				CLANG_WARN_UNREACHABLE_CODE = YES;
				CLANG_WARN__DUPLICATE_METHOD_MATCH = YES;
				CODE_SIGN_IDENTITY = "iPhone Developer";
				COPY_PHASE_STRIP = NO;
				DEBUG_INFORMATION_FORMAT = "dwarf-with-dsym";
				ENABLE_NS_ASSERTIONS = NO;
				ENABLE_STRICT_OBJC_MSGSEND = YES;
				GCC_C_LANGUAGE_STANDARD = gnu11;
				GCC_NO_COMMON_BLOCKS = YES;
				GCC_WARN_64_TO_32_BIT_CONVERSION = YES;
				GCC_WARN_ABOUT_RETURN_TYPE = YES_ERROR;
				GCC_WARN_UNDECLARED_SELECTOR = YES;
				GCC_WARN_UNINITIALIZED_AUTOS = YES_AGGRESSIVE;
				GCC_WARN_UNUSED_FUNCTION = YES;
				GCC_WARN_UNUSED_VARIABLE = YES;
				IPHONEOS_DEPLOYMENT_TARGET = 12.0;
				MTL_ENABLE_DEBUG_INFO = NO;
				MTL_FAST_MATH = YES;
				SDKROOT = iphoneos;
				SWIFT_COMPILATION_MODE = wholemodule;
				SWIFT_OPTIMIZATION_LEVEL = "-O";
				VALIDATE_PRODUCT = YES;
			};
			name = Release;
		};
		ABBA8A6D23E06EE900CC1BAC /* Debug */ = {
			isa = XCBuildConfiguration;
			buildSettings = {
				ASSETCATALOG_COMPILER_APPICON_NAME = AppIcon;
				CODE_SIGN_STYLE = Automatic;
				INFOPLIST_FILE = HBIos/Info.plist;
				LD_RUNPATH_SEARCH_PATHS = (
					"$(inherited)",
					"@executable_path/Frameworks",
				);
				PRODUCT_BUNDLE_IDENTIFIER = com.hbsis.padawan.HBIos;
				PRODUCT_NAME = "$(TARGET_NAME)";
				SWIFT_VERSION = 4.2;
				TARGETED_DEVICE_FAMILY = "1,2";
			};
			name = Debug;
		};
		ABBA8A6E23E06EE900CC1BAC /* Release */ = {
			isa = XCBuildConfiguration;
			buildSettings = {
				ASSETCATALOG_COMPILER_APPICON_NAME = AppIcon;
				CODE_SIGN_STYLE = Automatic;
				INFOPLIST_FILE = HBIos/Info.plist;
				LD_RUNPATH_SEARCH_PATHS = (
					"$(inherited)",
					"@executable_path/Frameworks",
				);
				PRODUCT_BUNDLE_IDENTIFIER = com.hbsis.padawan.HBIos;
				PRODUCT_NAME = "$(TARGET_NAME)";
				SWIFT_VERSION = 4.2;
				TARGETED_DEVICE_FAMILY = "1,2";
			};
			name = Release;
		};
		ABBA8A7023E06EE900CC1BAC /* Debug */ = {
			isa = XCBuildConfiguration;
			buildSettings = {
				ALWAYS_EMBED_SWIFT_STANDARD_LIBRARIES = YES;
				BUNDLE_LOADER = "$(TEST_HOST)";
				CODE_SIGN_STYLE = Automatic;
				INFOPLIST_FILE = HBIosTests/Info.plist;
				LD_RUNPATH_SEARCH_PATHS = (
					"$(inherited)",
					"@executable_path/Frameworks",
					"@loader_path/Frameworks",
				);
				PRODUCT_BUNDLE_IDENTIFIER = com.hbsis.padawan.HBIosTests;
				PRODUCT_NAME = "$(TARGET_NAME)";
				SWIFT_VERSION = 4.2;
				TARGETED_DEVICE_FAMILY = "1,2";
				TEST_HOST = "$(BUILT_PRODUCTS_DIR)/HBIos.app/HBIos";
			};
			name = Debug;
		};
		ABBA8A7123E06EE900CC1BAC /* Release */ = {
			isa = XCBuildConfiguration;
			buildSettings = {
				ALWAYS_EMBED_SWIFT_STANDARD_LIBRARIES = YES;
				BUNDLE_LOADER = "$(TEST_HOST)";
				CODE_SIGN_STYLE = Automatic;
				INFOPLIST_FILE = HBIosTests/Info.plist;
				LD_RUNPATH_SEARCH_PATHS = (
					"$(inherited)",
					"@executable_path/Frameworks",
					"@loader_path/Frameworks",
				);
				PRODUCT_BUNDLE_IDENTIFIER = com.hbsis.padawan.HBIosTests;
				PRODUCT_NAME = "$(TARGET_NAME)";
				SWIFT_VERSION = 4.2;
				TARGETED_DEVICE_FAMILY = "1,2";
				TEST_HOST = "$(BUILT_PRODUCTS_DIR)/HBIos.app/HBIos";
			};
			name = Release;
		};
/* End XCBuildConfiguration section */

/* Begin XCConfigurationList section */
		ABBA8A4A23E06EE400CC1BAC /* Build configuration list for PBXProject "HBIos" */ = {
			isa = XCConfigurationList;
			buildConfigurations = (
				ABBA8A6A23E06EE900CC1BAC /* Debug */,
				ABBA8A6B23E06EE900CC1BAC /* Release */,
			);
			defaultConfigurationIsVisible = 0;
			defaultConfigurationName = Release;
		};
		ABBA8A6C23E06EE900CC1BAC /* Build configuration list for PBXNativeTarget "HBIos" */ = {
			isa = XCConfigurationList;
			buildConfigurations = (
				ABBA8A6D23E06EE900CC1BAC /* Debug */,
				ABBA8A6E23E06EE900CC1BAC /* Release */,
			);
			defaultConfigurationIsVisible = 0;
			defaultConfigurationName = Release;
		};
		ABBA8A6F23E06EE900CC1BAC /* Build configuration list for PBXNativeTarget "HBIosTests" */ = {
			isa = XCConfigurationList;
			buildConfigurations = (
				ABBA8A7023E06EE900CC1BAC /* Debug */,
				ABBA8A7123E06EE900CC1BAC /* Release */,
			);
			defaultConfigurationIsVisible = 0;
			defaultConfigurationName = Release;
		};
/* End XCConfigurationList section */
	};
	rootObject = ABBA8A4723E06EE400CC1BAC /* Project object */;
}
